
Microsoft Visual Studio Solution File, Format Version 12.00
# Visual Studio Version 16
VisualStudioVersion = 16.0.29920.165
MinimumVisualStudioVersion = 10.0.40219.1
Project("{9A19103F-16F7-4668-BE54-9A1E7A4F7556}") = "League.Skins.Web", "League.Skins.Web\League.Skins.Web.csproj", "{453A8245-15D2-4FEE-AB07-71B44BEA8D9F}"
EndProject
Project("{9A19103F-16F7-4668-BE54-9A1E7A4F7556}") = "League.Skins.Data", "League.Skins.Data\League.Skins.Data.csproj", "{36816892-4F42-41D6-A86B-A0327442CF7B}"
EndProject
Project("{9A19103F-16F7-4668-BE54-9A1E7A4F7556}") = "League.Skins.Web.Models", "League.Skins.Web.Models\League.Skins.Web.Models.csproj", "{72F2BC98-CDAC-4531-884F-AEE375C9A680}"
EndProject
Project("{FAE04EC0-301F-11D3-BF4B-00C04F79EFBC}") = "League.Skins.Core", "League.Skins.Core\League.Skins.Core.csproj", "{1F0F4F80-DBC0-415F-96E1-D698508864A9}"
EndProject
Global
	GlobalSection(SolutionConfigurationPlatforms) = preSolution
		Debug|Any CPU = Debug|Any CPU
		Release|Any CPU = Release|Any CPU
	EndGlobalSection
	GlobalSection(ProjectConfigurationPlatforms) = postSolution
		{453A8245-15D2-4FEE-AB07-71B44BEA8D9F}.Debug|Any CPU.ActiveCfg = Debug|Any CPU
		{453A8245-15D2-4FEE-AB07-71B44BEA8D9F}.Debug|Any CPU.Build.0 = Debug|Any CPU
		{453A8245-15D2-4FEE-AB07-71B44BEA8D9F}.Release|Any CPU.ActiveCfg = Release|Any CPU
		{453A8245-15D2-4FEE-AB07-71B44BEA8D9F}.Release|Any CPU.Build.0 = Release|Any CPU
		{36816892-4F42-41D6-A86B-A0327442CF7B}.Debug|Any CPU.ActiveCfg = Debug|Any CPU
		{36816892-4F42-41D6-A86B-A0327442CF7B}.Debug|Any CPU.Build.0 = Debug|Any CPU
		{36816892-4F42-41D6-A86B-A0327442CF7B}.Release|Any CPU.ActiveCfg = Release|Any CPU
		{36816892-4F42-41D6-A86B-A0327442CF7B}.Release|Any CPU.Build.0 = Release|Any CPU
		{72F2BC98-CDAC-4531-884F-AEE375C9A680}.Debug|Any CPU.ActiveCfg = Debug|Any CPU
		{72F2BC98-CDAC-4531-884F-AEE375C9A680}.Debug|Any CPU.Build.0 = Debug|Any CPU
		{72F2BC98-CDAC-4531-884F-AEE375C9A680}.Release|Any CPU.ActiveCfg = Release|Any CPU
		{72F2BC98-CDAC-4531-884F-AEE375C9A680}.Release|Any CPU.Build.0 = Release|Any CPU
		{1F0F4F80-DBC0-415F-96E1-D698508864A9}.Debug|Any CPU.ActiveCfg = Debug|Any CPU
		{1F0F4F80-DBC0-415F-96E1-D698508864A9}.Debug|Any CPU.Build.0 = Debug|Any CPU
		{1F0F4F80-DBC0-415F-96E1-D698508864A9}.Release|Any CPU.ActiveCfg = Release|Any CPU
		{1F0F4F80-DBC0-415F-96E1-D698508864A9}.Release|Any CPU.Build.0 = Release|Any CPU
	EndGlobalSection
	GlobalSection(SolutionProperties) = preSolution
		HideSolutionNode = FALSE
	EndGlobalSection
	GlobalSection(ExtensibilityGlobals) = postSolution
		SolutionGuid = {7DFADCEE-577E-4D22-AD31-F4D3258A40AA}
	EndGlobalSection
EndGlobal
